
Microsoft Visual Studio Solution File, Format Version 12.00
# Visual Studio Version 17
VisualStudioVersion = 17.9.34616.47
MinimumVisualStudioVersion = 10.0.40219.1
Project("{FAE04EC0-301F-11D3-BF4B-00C04F79EFBC}") = "KP_Dykun_Classes", "KP_Dykun_Classes\KP_Dykun_Classes.csproj", "{BC875E63-EBB1-4D04-89E7-82B8A025B101}"
EndProject
Project("{FAE04EC0-301F-11D3-BF4B-00C04F79EFBC}") = "KP_Dykun_TestProject", "KP_Dykun_TestProject\KP_Dykun_TestProject.csproj", "{C9693B79-5E3B-42BD-9CB0-31BC64452C1E}"
EndProject
Global
	GlobalSection(SolutionConfigurationPlatforms) = preSolution
		Debug|Any CPU = Debug|Any CPU
		Release|Any CPU = Release|Any CPU
	EndGlobalSection
	GlobalSection(ProjectConfigurationPlatforms) = postSolution
		{BC875E63-EBB1-4D04-89E7-82B8A025B101}.Debug|Any CPU.ActiveCfg = Debug|Any CPU
		{BC875E63-EBB1-4D04-89E7-82B8A025B101}.Debug|Any CPU.Build.0 = Debug|Any CPU
		{BC875E63-EBB1-4D04-89E7-82B8A025B101}.Release|Any CPU.ActiveCfg = Release|Any CPU
		{BC875E63-EBB1-4D04-89E7-82B8A025B101}.Release|Any CPU.Build.0 = Release|Any CPU
		{C9693B79-5E3B-42BD-9CB0-31BC64452C1E}.Debug|Any CPU.ActiveCfg = Debug|Any CPU
		{C9693B79-5E3B-42BD-9CB0-31BC64452C1E}.Debug|Any CPU.Build.0 = Debug|Any CPU
		{C9693B79-5E3B-42BD-9CB0-31BC64452C1E}.Release|Any CPU.ActiveCfg = Release|Any CPU
		{C9693B79-5E3B-42BD-9CB0-31BC64452C1E}.Release|Any CPU.Build.0 = Release|Any CPU
	EndGlobalSection
	GlobalSection(SolutionProperties) = preSolution
		HideSolutionNode = FALSE
	EndGlobalSection
	GlobalSection(ExtensibilityGlobals) = postSolution
		SolutionGuid = {4DCD7008-9F90-4DFD-9B8E-D6132ADB46C2}
	EndGlobalSection
EndGlobal
